
Microsoft Visual Studio Solution File, Format Version 12.00
Project("{FAE04EC0-301F-11D3-BF4B-00C04F79EFBC}") = "EnoPM.BetterVanilla", "EnoPM.BetterVanilla\EnoPM.BetterVanilla.csproj", "{9D4E20EE-631C-4199-9F9A-929D8DA4E109}"
EndProject
Project("{FAE04EC0-301F-11D3-BF4B-00C04F79EFBC}") = "AmongUsDevKit", "AmongUsDevKit\AmongUsDevKit.csproj", "{6CD0DDA3-94F5-4A8D-82B5-3B4741F4D510}"
EndProject
Project("{FAE04EC0-301F-11D3-BF4B-00C04F79EFBC}") = "AmongUsDevKit.Api", "AmongUsDevKit.Api\AmongUsDevKit.Api.csproj", "{09DC303A-A47E-46A3-9894-D57F09AACB6A}"
EndProject
Project("{FAE04EC0-301F-11D3-BF4B-00C04F79EFBC}") = "BetterVanilla", "BetterVanilla\BetterVanilla.csproj", "{E63085F1-896E-419C-9AA3-08AB36D701F0}"
EndProject
Global
	GlobalSection(SolutionConfigurationPlatforms) = preSolution
		Debug|Any CPU = Debug|Any CPU
		Release|Any CPU = Release|Any CPU
		CodeGen|Any CPU = CodeGen|Any CPU
	EndGlobalSection
	GlobalSection(ProjectConfigurationPlatforms) = postSolution
		{9D4E20EE-631C-4199-9F9A-929D8DA4E109}.Debug|Any CPU.ActiveCfg = Debug|Any CPU
		{9D4E20EE-631C-4199-9F9A-929D8DA4E109}.Debug|Any CPU.Build.0 = Debug|Any CPU
		{9D4E20EE-631C-4199-9F9A-929D8DA4E109}.Release|Any CPU.ActiveCfg = Release|Any CPU
		{9D4E20EE-631C-4199-9F9A-929D8DA4E109}.Release|Any CPU.Build.0 = Release|Any CPU
		{6CD0DDA3-94F5-4A8D-82B5-3B4741F4D510}.Debug|Any CPU.ActiveCfg = Debug|Any CPU
		{6CD0DDA3-94F5-4A8D-82B5-3B4741F4D510}.Debug|Any CPU.Build.0 = Debug|Any CPU
		{6CD0DDA3-94F5-4A8D-82B5-3B4741F4D510}.Release|Any CPU.ActiveCfg = Release|Any CPU
		{6CD0DDA3-94F5-4A8D-82B5-3B4741F4D510}.Release|Any CPU.Build.0 = Release|Any CPU
		{6CD0DDA3-94F5-4A8D-82B5-3B4741F4D510}.CodeGen|Any CPU.ActiveCfg = Debug|Any CPU
		{6CD0DDA3-94F5-4A8D-82B5-3B4741F4D510}.CodeGen|Any CPU.Build.0 = Debug|Any CPU
		{09DC303A-A47E-46A3-9894-D57F09AACB6A}.Debug|Any CPU.ActiveCfg = Debug|Any CPU
		{09DC303A-A47E-46A3-9894-D57F09AACB6A}.Debug|Any CPU.Build.0 = Debug|Any CPU
		{09DC303A-A47E-46A3-9894-D57F09AACB6A}.Release|Any CPU.ActiveCfg = Release|Any CPU
		{09DC303A-A47E-46A3-9894-D57F09AACB6A}.Release|Any CPU.Build.0 = Release|Any CPU
		{09DC303A-A47E-46A3-9894-D57F09AACB6A}.CodeGen|Any CPU.ActiveCfg = Debug|Any CPU
		{09DC303A-A47E-46A3-9894-D57F09AACB6A}.CodeGen|Any CPU.Build.0 = Debug|Any CPU
		{E63085F1-896E-419C-9AA3-08AB36D701F0}.Debug|Any CPU.ActiveCfg = Debug|Any CPU
		{E63085F1-896E-419C-9AA3-08AB36D701F0}.Debug|Any CPU.Build.0 = Debug|Any CPU
		{E63085F1-896E-419C-9AA3-08AB36D701F0}.Release|Any CPU.ActiveCfg = Release|Any CPU
		{E63085F1-896E-419C-9AA3-08AB36D701F0}.Release|Any CPU.Build.0 = Release|Any CPU
		{E63085F1-896E-419C-9AA3-08AB36D701F0}.CodeGen|Any CPU.ActiveCfg = Debug|Any CPU
		{E63085F1-896E-419C-9AA3-08AB36D701F0}.CodeGen|Any CPU.Build.0 = Debug|Any CPU
	EndGlobalSection
EndGlobal
