
Microsoft Visual Studio Solution File, Format Version 12.00
Project("{FAE04EC0-301F-11D3-BF4B-00C04F79EFBC}") = "BetterVanilla", "BetterVanilla\BetterVanilla.csproj", "{E63085F1-896E-419C-9AA3-08AB36D701F0}"
EndProject
Project("{FAE04EC0-301F-11D3-BF4B-00C04F79EFBC}") = "BetterVanilla.CosmeticsCompiler", "BetterVanilla.CosmeticsCompiler\BetterVanilla.CosmeticsCompiler.csproj", "{A1515430-FA95-4515-B208-6BF4B79C55F2}"
EndProject
Project("{FAE04EC0-301F-11D3-BF4B-00C04F79EFBC}") = "BetterVanilla.Cosmetics.Api", "BetterVanilla.Cosmetics.Api\BetterVanilla.Cosmetics.Api.csproj", "{250584C2-ABC3-4940-9CF1-0523A7FC39C2}"
EndProject
Project("{FAE04EC0-301F-11D3-BF4B-00C04F79EFBC}") = "BetterVanilla.Installer", "BetterVanilla.Installer\BetterVanilla.Installer.csproj", "{37D3A2ED-3373-418C-8C88-21884D45582D}"
EndProject
Project("{FAE04EC0-301F-11D3-BF4B-00C04F79EFBC}") = "BetterVanilla.ToolsLib", "BetterVanilla.ToolsLib\BetterVanilla.ToolsLib.csproj", "{B6E572E7-2D97-4929-A39C-3413CC56EA24}"
EndProject
Project("{2150E333-8FDC-42A3-9474-1A3956D46DE8}") = "Cosmetics", "Cosmetics", "{F403311C-B314-470B-9A82-14C4C29D5D45}"
EndProject
Project("{FAE04EC0-301F-11D3-BF4B-00C04F79EFBC}") = "BSerializer", "BSerializer\BSerializer.csproj", "{4D3E2B4F-C988-4C26-AC88-354E091EC015}"
EndProject
Project("{FAE04EC0-301F-11D3-BF4B-00C04F79EFBC}") = "AmongUsCosmeticsManager", "AmongUsCosmeticsManager\AmongUsCosmeticsManager\AmongUsCosmeticsManager.csproj", "{C533B1B3-DE28-455D-858C-91FD5F3CF8EF}"
EndProject
Project("{FAE04EC0-301F-11D3-BF4B-00C04F79EFBC}") = "AmongUsCosmeticsManager.Desktop", "AmongUsCosmeticsManager\AmongUsCosmeticsManager.Desktop\AmongUsCosmeticsManager.Desktop.csproj", "{B14F5CBB-50F6-4E61-A98E-621AC31A32C2}"
EndProject
Project("{FAE04EC0-301F-11D3-BF4B-00C04F79EFBC}") = "AmongUsCosmeticsManager.Browser", "AmongUsCosmeticsManager\AmongUsCosmeticsManager.Browser\AmongUsCosmeticsManager.Browser.csproj", "{CE358C57-936F-4DA0-B5EA-877CC35F28D0}"
EndProject
Global
	GlobalSection(SolutionConfigurationPlatforms) = preSolution
		Debug|Any CPU = Debug|Any CPU
		Debug|x64 = Debug|x64
		Debug|x86 = Debug|x86
		Release|Any CPU = Release|Any CPU
		Release|x64 = Release|x64
		Release|x86 = Release|x86
		Android|Any CPU = Android|Any CPU
		Android|x64 = Android|x64
		Android|x86 = Android|x86
	EndGlobalSection
	GlobalSection(ProjectConfigurationPlatforms) = postSolution
		{E63085F1-896E-419C-9AA3-08AB36D701F0}.Debug|Any CPU.ActiveCfg = Debug|Any CPU
		{E63085F1-896E-419C-9AA3-08AB36D701F0}.Debug|Any CPU.Build.0 = Debug|Any CPU
		{E63085F1-896E-419C-9AA3-08AB36D701F0}.Debug|x64.ActiveCfg = Debug|Any CPU
		{E63085F1-896E-419C-9AA3-08AB36D701F0}.Debug|x64.Build.0 = Debug|Any CPU
		{E63085F1-896E-419C-9AA3-08AB36D701F0}.Debug|x86.ActiveCfg = Debug|Any CPU
		{E63085F1-896E-419C-9AA3-08AB36D701F0}.Debug|x86.Build.0 = Debug|Any CPU
		{E63085F1-896E-419C-9AA3-08AB36D701F0}.Release|Any CPU.ActiveCfg = Release|Any CPU
		{E63085F1-896E-419C-9AA3-08AB36D701F0}.Release|Any CPU.Build.0 = Release|Any CPU
		{E63085F1-896E-419C-9AA3-08AB36D701F0}.Release|x64.ActiveCfg = Release|Any CPU
		{E63085F1-896E-419C-9AA3-08AB36D701F0}.Release|x64.Build.0 = Release|Any CPU
		{E63085F1-896E-419C-9AA3-08AB36D701F0}.Release|x86.ActiveCfg = Release|Any CPU
		{E63085F1-896E-419C-9AA3-08AB36D701F0}.Release|x86.Build.0 = Release|Any CPU
		{E63085F1-896E-419C-9AA3-08AB36D701F0}.Android|Any CPU.ActiveCfg = Android|Any CPU
		{E63085F1-896E-419C-9AA3-08AB36D701F0}.Android|Any CPU.Build.0 = Android|Any CPU
		{E63085F1-896E-419C-9AA3-08AB36D701F0}.Android|x64.ActiveCfg = Android|Any CPU
		{E63085F1-896E-419C-9AA3-08AB36D701F0}.Android|x64.Build.0 = Android|Any CPU
		{E63085F1-896E-419C-9AA3-08AB36D701F0}.Android|x86.ActiveCfg = Android|Any CPU
		{E63085F1-896E-419C-9AA3-08AB36D701F0}.Android|x86.Build.0 = Android|Any CPU
		{A1515430-FA95-4515-B208-6BF4B79C55F2}.Debug|Any CPU.ActiveCfg = Debug|Any CPU
		{A1515430-FA95-4515-B208-6BF4B79C55F2}.Debug|Any CPU.Build.0 = Debug|Any CPU
		{A1515430-FA95-4515-B208-6BF4B79C55F2}.Debug|x64.ActiveCfg = Debug|Any CPU
		{A1515430-FA95-4515-B208-6BF4B79C55F2}.Debug|x64.Build.0 = Debug|Any CPU
		{A1515430-FA95-4515-B208-6BF4B79C55F2}.Debug|x86.ActiveCfg = Debug|Any CPU
		{A1515430-FA95-4515-B208-6BF4B79C55F2}.Debug|x86.Build.0 = Debug|Any CPU
		{A1515430-FA95-4515-B208-6BF4B79C55F2}.Release|Any CPU.ActiveCfg = Release|Any CPU
		{A1515430-FA95-4515-B208-6BF4B79C55F2}.Release|Any CPU.Build.0 = Release|Any CPU
		{A1515430-FA95-4515-B208-6BF4B79C55F2}.Release|x64.ActiveCfg = Release|Any CPU
		{A1515430-FA95-4515-B208-6BF4B79C55F2}.Release|x64.Build.0 = Release|Any CPU
		{A1515430-FA95-4515-B208-6BF4B79C55F2}.Release|x86.ActiveCfg = Release|Any CPU
		{A1515430-FA95-4515-B208-6BF4B79C55F2}.Release|x86.Build.0 = Release|Any CPU
		{A1515430-FA95-4515-B208-6BF4B79C55F2}.Android|Any CPU.ActiveCfg = Android|Any CPU
		{A1515430-FA95-4515-B208-6BF4B79C55F2}.Android|Any CPU.Build.0 = Android|Any CPU
		{A1515430-FA95-4515-B208-6BF4B79C55F2}.Android|x64.ActiveCfg = Android|Any CPU
		{A1515430-FA95-4515-B208-6BF4B79C55F2}.Android|x64.Build.0 = Android|Any CPU
		{A1515430-FA95-4515-B208-6BF4B79C55F2}.Android|x86.ActiveCfg = Android|Any CPU
		{A1515430-FA95-4515-B208-6BF4B79C55F2}.Android|x86.Build.0 = Android|Any CPU
		{250584C2-ABC3-4940-9CF1-0523A7FC39C2}.Debug|Any CPU.ActiveCfg = Debug|Any CPU
		{250584C2-ABC3-4940-9CF1-0523A7FC39C2}.Debug|Any CPU.Build.0 = Debug|Any CPU
		{250584C2-ABC3-4940-9CF1-0523A7FC39C2}.Debug|x64.ActiveCfg = Debug|Any CPU
		{250584C2-ABC3-4940-9CF1-0523A7FC39C2}.Debug|x64.Build.0 = Debug|Any CPU
		{250584C2-ABC3-4940-9CF1-0523A7FC39C2}.Debug|x86.ActiveCfg = Debug|Any CPU
		{250584C2-ABC3-4940-9CF1-0523A7FC39C2}.Debug|x86.Build.0 = Debug|Any CPU
		{250584C2-ABC3-4940-9CF1-0523A7FC39C2}.Release|Any CPU.ActiveCfg = Release|Any CPU
		{250584C2-ABC3-4940-9CF1-0523A7FC39C2}.Release|Any CPU.Build.0 = Release|Any CPU
		{250584C2-ABC3-4940-9CF1-0523A7FC39C2}.Release|x64.ActiveCfg = Release|Any CPU
		{250584C2-ABC3-4940-9CF1-0523A7FC39C2}.Release|x64.Build.0 = Release|Any CPU
		{250584C2-ABC3-4940-9CF1-0523A7FC39C2}.Release|x86.ActiveCfg = Release|Any CPU
		{250584C2-ABC3-4940-9CF1-0523A7FC39C2}.Release|x86.Build.0 = Release|Any CPU
		{250584C2-ABC3-4940-9CF1-0523A7FC39C2}.Android|Any CPU.ActiveCfg = Android|Any CPU
		{250584C2-ABC3-4940-9CF1-0523A7FC39C2}.Android|Any CPU.Build.0 = Android|Any CPU
		{250584C2-ABC3-4940-9CF1-0523A7FC39C2}.Android|x64.ActiveCfg = Android|Any CPU
		{250584C2-ABC3-4940-9CF1-0523A7FC39C2}.Android|x64.Build.0 = Android|Any CPU
		{250584C2-ABC3-4940-9CF1-0523A7FC39C2}.Android|x86.ActiveCfg = Android|Any CPU
		{250584C2-ABC3-4940-9CF1-0523A7FC39C2}.Android|x86.Build.0 = Android|Any CPU
		{37D3A2ED-3373-418C-8C88-21884D45582D}.Debug|Any CPU.ActiveCfg = Debug|Any CPU
		{37D3A2ED-3373-418C-8C88-21884D45582D}.Debug|Any CPU.Build.0 = Debug|Any CPU
		{37D3A2ED-3373-418C-8C88-21884D45582D}.Debug|x64.ActiveCfg = Debug|Any CPU
		{37D3A2ED-3373-418C-8C88-21884D45582D}.Debug|x64.Build.0 = Debug|Any CPU
		{37D3A2ED-3373-418C-8C88-21884D45582D}.Debug|x86.ActiveCfg = Debug|Any CPU
		{37D3A2ED-3373-418C-8C88-21884D45582D}.Debug|x86.Build.0 = Debug|Any CPU
		{37D3A2ED-3373-418C-8C88-21884D45582D}.Release|Any CPU.ActiveCfg = Release|Any CPU
		{37D3A2ED-3373-418C-8C88-21884D45582D}.Release|Any CPU.Build.0 = Release|Any CPU
		{37D3A2ED-3373-418C-8C88-21884D45582D}.Release|x64.ActiveCfg = Release|Any CPU
		{37D3A2ED-3373-418C-8C88-21884D45582D}.Release|x64.Build.0 = Release|Any CPU
		{37D3A2ED-3373-418C-8C88-21884D45582D}.Release|x86.ActiveCfg = Release|Any CPU
		{37D3A2ED-3373-418C-8C88-21884D45582D}.Release|x86.Build.0 = Release|Any CPU
		{37D3A2ED-3373-418C-8C88-21884D45582D}.Android|Any CPU.ActiveCfg = Android|Any CPU
		{37D3A2ED-3373-418C-8C88-21884D45582D}.Android|Any CPU.Build.0 = Android|Any CPU
		{37D3A2ED-3373-418C-8C88-21884D45582D}.Android|x64.ActiveCfg = Android|Any CPU
		{37D3A2ED-3373-418C-8C88-21884D45582D}.Android|x64.Build.0 = Android|Any CPU
		{37D3A2ED-3373-418C-8C88-21884D45582D}.Android|x86.ActiveCfg = Android|Any CPU
		{37D3A2ED-3373-418C-8C88-21884D45582D}.Android|x86.Build.0 = Android|Any CPU
		{B6E572E7-2D97-4929-A39C-3413CC56EA24}.Debug|Any CPU.ActiveCfg = Debug|Any CPU
		{B6E572E7-2D97-4929-A39C-3413CC56EA24}.Debug|Any CPU.Build.0 = Debug|Any CPU
		{B6E572E7-2D97-4929-A39C-3413CC56EA24}.Debug|x64.ActiveCfg = Debug|Any CPU
		{B6E572E7-2D97-4929-A39C-3413CC56EA24}.Debug|x64.Build.0 = Debug|Any CPU
		{B6E572E7-2D97-4929-A39C-3413CC56EA24}.Debug|x86.ActiveCfg = Debug|Any CPU
		{B6E572E7-2D97-4929-A39C-3413CC56EA24}.Debug|x86.Build.0 = Debug|Any CPU
		{B6E572E7-2D97-4929-A39C-3413CC56EA24}.Release|Any CPU.ActiveCfg = Release|Any CPU
		{B6E572E7-2D97-4929-A39C-3413CC56EA24}.Release|Any CPU.Build.0 = Release|Any CPU
		{B6E572E7-2D97-4929-A39C-3413CC56EA24}.Release|x64.ActiveCfg = Release|Any CPU
		{B6E572E7-2D97-4929-A39C-3413CC56EA24}.Release|x64.Build.0 = Release|Any CPU
		{B6E572E7-2D97-4929-A39C-3413CC56EA24}.Release|x86.ActiveCfg = Release|Any CPU
		{B6E572E7-2D97-4929-A39C-3413CC56EA24}.Release|x86.Build.0 = Release|Any CPU
		{B6E572E7-2D97-4929-A39C-3413CC56EA24}.Android|Any CPU.ActiveCfg = Debug|Any CPU
		{B6E572E7-2D97-4929-A39C-3413CC56EA24}.Android|Any CPU.Build.0 = Debug|Any CPU
		{B6E572E7-2D97-4929-A39C-3413CC56EA24}.Android|x64.ActiveCfg = Android|Any CPU
		{B6E572E7-2D97-4929-A39C-3413CC56EA24}.Android|x64.Build.0 = Android|Any CPU
		{B6E572E7-2D97-4929-A39C-3413CC56EA24}.Android|x86.ActiveCfg = Android|Any CPU
		{B6E572E7-2D97-4929-A39C-3413CC56EA24}.Android|x86.Build.0 = Android|Any CPU
		{4D3E2B4F-C988-4C26-AC88-354E091EC015}.Debug|Any CPU.ActiveCfg = Debug|Any CPU
		{4D3E2B4F-C988-4C26-AC88-354E091EC015}.Debug|Any CPU.Build.0 = Debug|Any CPU
		{4D3E2B4F-C988-4C26-AC88-354E091EC015}.Debug|x64.ActiveCfg = Debug|Any CPU
		{4D3E2B4F-C988-4C26-AC88-354E091EC015}.Debug|x64.Build.0 = Debug|Any CPU
		{4D3E2B4F-C988-4C26-AC88-354E091EC015}.Debug|x86.ActiveCfg = Debug|Any CPU
		{4D3E2B4F-C988-4C26-AC88-354E091EC015}.Debug|x86.Build.0 = Debug|Any CPU
		{4D3E2B4F-C988-4C26-AC88-354E091EC015}.Release|Any CPU.ActiveCfg = Release|Any CPU
		{4D3E2B4F-C988-4C26-AC88-354E091EC015}.Release|Any CPU.Build.0 = Release|Any CPU
		{4D3E2B4F-C988-4C26-AC88-354E091EC015}.Release|x64.ActiveCfg = Release|Any CPU
		{4D3E2B4F-C988-4C26-AC88-354E091EC015}.Release|x64.Build.0 = Release|Any CPU
		{4D3E2B4F-C988-4C26-AC88-354E091EC015}.Release|x86.ActiveCfg = Release|Any CPU
		{4D3E2B4F-C988-4C26-AC88-354E091EC015}.Release|x86.Build.0 = Release|Any CPU
		{4D3E2B4F-C988-4C26-AC88-354E091EC015}.Android|Any CPU.ActiveCfg = Debug|Any CPU
		{4D3E2B4F-C988-4C26-AC88-354E091EC015}.Android|Any CPU.Build.0 = Debug|Any CPU
		{4D3E2B4F-C988-4C26-AC88-354E091EC015}.Android|x64.ActiveCfg = Android|Any CPU
		{4D3E2B4F-C988-4C26-AC88-354E091EC015}.Android|x64.Build.0 = Android|Any CPU
		{4D3E2B4F-C988-4C26-AC88-354E091EC015}.Android|x86.ActiveCfg = Android|Any CPU
		{4D3E2B4F-C988-4C26-AC88-354E091EC015}.Android|x86.Build.0 = Android|Any CPU
		{C533B1B3-DE28-455D-858C-91FD5F3CF8EF}.Debug|Any CPU.ActiveCfg = Debug|Any CPU
		{C533B1B3-DE28-455D-858C-91FD5F3CF8EF}.Debug|Any CPU.Build.0 = Debug|Any CPU
		{C533B1B3-DE28-455D-858C-91FD5F3CF8EF}.Debug|x64.ActiveCfg = Debug|Any CPU
		{C533B1B3-DE28-455D-858C-91FD5F3CF8EF}.Debug|x64.Build.0 = Debug|Any CPU
		{C533B1B3-DE28-455D-858C-91FD5F3CF8EF}.Debug|x86.ActiveCfg = Debug|Any CPU
		{C533B1B3-DE28-455D-858C-91FD5F3CF8EF}.Debug|x86.Build.0 = Debug|Any CPU
		{C533B1B3-DE28-455D-858C-91FD5F3CF8EF}.Release|Any CPU.ActiveCfg = Release|Any CPU
		{C533B1B3-DE28-455D-858C-91FD5F3CF8EF}.Release|Any CPU.Build.0 = Release|Any CPU
		{C533B1B3-DE28-455D-858C-91FD5F3CF8EF}.Release|x64.ActiveCfg = Release|Any CPU
		{C533B1B3-DE28-455D-858C-91FD5F3CF8EF}.Release|x64.Build.0 = Release|Any CPU
		{C533B1B3-DE28-455D-858C-91FD5F3CF8EF}.Release|x86.ActiveCfg = Release|Any CPU
		{C533B1B3-DE28-455D-858C-91FD5F3CF8EF}.Release|x86.Build.0 = Release|Any CPU
		{C533B1B3-DE28-455D-858C-91FD5F3CF8EF}.Android|Any CPU.ActiveCfg = Debug|Any CPU
		{C533B1B3-DE28-455D-858C-91FD5F3CF8EF}.Android|Any CPU.Build.0 = Debug|Any CPU
		{C533B1B3-DE28-455D-858C-91FD5F3CF8EF}.Android|x64.ActiveCfg = Android|Any CPU
		{C533B1B3-DE28-455D-858C-91FD5F3CF8EF}.Android|x64.Build.0 = Android|Any CPU
		{C533B1B3-DE28-455D-858C-91FD5F3CF8EF}.Android|x86.ActiveCfg = Android|Any CPU
		{C533B1B3-DE28-455D-858C-91FD5F3CF8EF}.Android|x86.Build.0 = Android|Any CPU
		{B14F5CBB-50F6-4E61-A98E-621AC31A32C2}.Debug|Any CPU.ActiveCfg = Debug|Any CPU
		{B14F5CBB-50F6-4E61-A98E-621AC31A32C2}.Debug|Any CPU.Build.0 = Debug|Any CPU
		{B14F5CBB-50F6-4E61-A98E-621AC31A32C2}.Debug|x64.ActiveCfg = Debug|Any CPU
		{B14F5CBB-50F6-4E61-A98E-621AC31A32C2}.Debug|x64.Build.0 = Debug|Any CPU
		{B14F5CBB-50F6-4E61-A98E-621AC31A32C2}.Debug|x86.ActiveCfg = Debug|Any CPU
		{B14F5CBB-50F6-4E61-A98E-621AC31A32C2}.Debug|x86.Build.0 = Debug|Any CPU
		{B14F5CBB-50F6-4E61-A98E-621AC31A32C2}.Release|Any CPU.ActiveCfg = Release|Any CPU
		{B14F5CBB-50F6-4E61-A98E-621AC31A32C2}.Release|Any CPU.Build.0 = Release|Any CPU
		{B14F5CBB-50F6-4E61-A98E-621AC31A32C2}.Release|x64.ActiveCfg = Release|Any CPU
		{B14F5CBB-50F6-4E61-A98E-621AC31A32C2}.Release|x64.Build.0 = Release|Any CPU
		{B14F5CBB-50F6-4E61-A98E-621AC31A32C2}.Release|x86.ActiveCfg = Release|Any CPU
		{B14F5CBB-50F6-4E61-A98E-621AC31A32C2}.Release|x86.Build.0 = Release|Any CPU
		{B14F5CBB-50F6-4E61-A98E-621AC31A32C2}.Android|Any CPU.ActiveCfg = Debug|Any CPU
		{B14F5CBB-50F6-4E61-A98E-621AC31A32C2}.Android|Any CPU.Build.0 = Debug|Any CPU
		{B14F5CBB-50F6-4E61-A98E-621AC31A32C2}.Android|x64.ActiveCfg = Android|Any CPU
		{B14F5CBB-50F6-4E61-A98E-621AC31A32C2}.Android|x64.Build.0 = Android|Any CPU
		{B14F5CBB-50F6-4E61-A98E-621AC31A32C2}.Android|x86.ActiveCfg = Android|Any CPU
		{B14F5CBB-50F6-4E61-A98E-621AC31A32C2}.Android|x86.Build.0 = Android|Any CPU
		{CE358C57-936F-4DA0-B5EA-877CC35F28D0}.Debug|Any CPU.ActiveCfg = Debug|Any CPU
		{CE358C57-936F-4DA0-B5EA-877CC35F28D0}.Debug|Any CPU.Build.0 = Debug|Any CPU
		{CE358C57-936F-4DA0-B5EA-877CC35F28D0}.Debug|x64.ActiveCfg = Debug|Any CPU
		{CE358C57-936F-4DA0-B5EA-877CC35F28D0}.Debug|x64.Build.0 = Debug|Any CPU
		{CE358C57-936F-4DA0-B5EA-877CC35F28D0}.Debug|x86.ActiveCfg = Debug|Any CPU
		{CE358C57-936F-4DA0-B5EA-877CC35F28D0}.Debug|x86.Build.0 = Debug|Any CPU
		{CE358C57-936F-4DA0-B5EA-877CC35F28D0}.Release|Any CPU.ActiveCfg = Release|Any CPU
		{CE358C57-936F-4DA0-B5EA-877CC35F28D0}.Release|Any CPU.Build.0 = Release|Any CPU
		{CE358C57-936F-4DA0-B5EA-877CC35F28D0}.Release|x64.ActiveCfg = Release|Any CPU
		{CE358C57-936F-4DA0-B5EA-877CC35F28D0}.Release|x64.Build.0 = Release|Any CPU
		{CE358C57-936F-4DA0-B5EA-877CC35F28D0}.Release|x86.ActiveCfg = Release|Any CPU
		{CE358C57-936F-4DA0-B5EA-877CC35F28D0}.Release|x86.Build.0 = Release|Any CPU
		{CE358C57-936F-4DA0-B5EA-877CC35F28D0}.Android|Any CPU.ActiveCfg = Debug|Any CPU
		{CE358C57-936F-4DA0-B5EA-877CC35F28D0}.Android|Any CPU.Build.0 = Debug|Any CPU
		{CE358C57-936F-4DA0-B5EA-877CC35F28D0}.Android|x64.ActiveCfg = Android|Any CPU
		{CE358C57-936F-4DA0-B5EA-877CC35F28D0}.Android|x64.Build.0 = Android|Any CPU
		{CE358C57-936F-4DA0-B5EA-877CC35F28D0}.Android|x86.ActiveCfg = Android|Any CPU
		{CE358C57-936F-4DA0-B5EA-877CC35F28D0}.Android|x86.Build.0 = Android|Any CPU
	EndGlobalSection
	GlobalSection(SolutionProperties) = preSolution
		HideSolutionNode = FALSE
	EndGlobalSection
	GlobalSection(NestedProjects) = preSolution
		{4D3E2B4F-C988-4C26-AC88-354E091EC015} = {F403311C-B314-470B-9A82-14C4C29D5D45}
		{C533B1B3-DE28-455D-858C-91FD5F3CF8EF} = {F403311C-B314-470B-9A82-14C4C29D5D45}
		{B14F5CBB-50F6-4E61-A98E-621AC31A32C2} = {F403311C-B314-470B-9A82-14C4C29D5D45}
		{CE358C57-936F-4DA0-B5EA-877CC35F28D0} = {F403311C-B314-470B-9A82-14C4C29D5D45}
	EndGlobalSection
EndGlobal
