
Microsoft Visual Studio Solution File, Format Version 12.00
Project("{FAE04EC0-301F-11D3-BF4B-00C04F79EFBC}") = "BetterVanilla", "BetterVanilla\BetterVanilla.csproj", "{E63085F1-896E-419C-9AA3-08AB36D701F0}"
EndProject
Project("{FAE04EC0-301F-11D3-BF4B-00C04F79EFBC}") = "BetterVanilla.Cosmetics", "BetterVanilla.Cosmetics\BetterVanilla.Cosmetics.csproj", "{9281E582-C4E2-4201-8A5D-F7D89E949B23}"
EndProject
Global
	GlobalSection(SolutionConfigurationPlatforms) = preSolution
		Debug|Any CPU = Debug|Any CPU
		Release|Any CPU = Release|Any CPU
		CodeGen|Any CPU = CodeGen|Any CPU
	EndGlobalSection
	GlobalSection(ProjectConfigurationPlatforms) = postSolution
		{E63085F1-896E-419C-9AA3-08AB36D701F0}.Debug|Any CPU.ActiveCfg = Debug|Any CPU
		{E63085F1-896E-419C-9AA3-08AB36D701F0}.Debug|Any CPU.Build.0 = Debug|Any CPU
		{E63085F1-896E-419C-9AA3-08AB36D701F0}.Release|Any CPU.ActiveCfg = Release|Any CPU
		{E63085F1-896E-419C-9AA3-08AB36D701F0}.Release|Any CPU.Build.0 = Release|Any CPU
		{E63085F1-896E-419C-9AA3-08AB36D701F0}.CodeGen|Any CPU.ActiveCfg = Debug|Any CPU
		{E63085F1-896E-419C-9AA3-08AB36D701F0}.CodeGen|Any CPU.Build.0 = Debug|Any CPU
		{9281E582-C4E2-4201-8A5D-F7D89E949B23}.Debug|Any CPU.ActiveCfg = Debug|Any CPU
		{9281E582-C4E2-4201-8A5D-F7D89E949B23}.Debug|Any CPU.Build.0 = Debug|Any CPU
		{9281E582-C4E2-4201-8A5D-F7D89E949B23}.Release|Any CPU.ActiveCfg = Release|Any CPU
		{9281E582-C4E2-4201-8A5D-F7D89E949B23}.Release|Any CPU.Build.0 = Release|Any CPU
		{9281E582-C4E2-4201-8A5D-F7D89E949B23}.CodeGen|Any CPU.ActiveCfg = Debug|Any CPU
		{9281E582-C4E2-4201-8A5D-F7D89E949B23}.CodeGen|Any CPU.Build.0 = Debug|Any CPU
	EndGlobalSection
	GlobalSection(RiderSharedRunConfigurations) = postSolution
		File = BetterVanilla\Runs\BetterVanilla.run.xml
	EndGlobalSection
EndGlobal
